
Microsoft Visual Studio Solution File, Format Version 12.00
# Visual Studio Version 17
VisualStudioVersion = 17.1.32210.238
MinimumVisualStudioVersion = 10.0.40219.1
Project("{FAE04EC0-301F-11D3-BF4B-00C04F79EFBC}") = "WebApplication1", "WebApplication1\WebApplication1.csproj", "{16CBDE07-58BB-4D75-AC1D-4DD8EF64FBD9}"
EndProject
Global
	GlobalSection(SolutionConfigurationPlatforms) = preSolution
		Debug|Any CPU = Debug|Any CPU
		Release|Any CPU = Release|Any CPU
	EndGlobalSection
	GlobalSection(ProjectConfigurationPlatforms) = postSolution
		{16CBDE07-58BB-4D75-AC1D-4DD8EF64FBD9}.Debug|Any CPU.ActiveCfg = Debug|Any CPU
		{16CBDE07-58BB-4D75-AC1D-4DD8EF64FBD9}.Debug|Any CPU.Build.0 = Debug|Any CPU
		{16CBDE07-58BB-4D75-AC1D-4DD8EF64FBD9}.Release|Any CPU.ActiveCfg = Release|Any CPU
		{16CBDE07-58BB-4D75-AC1D-4DD8EF64FBD9}.Release|Any CPU.Build.0 = Release|Any CPU
	EndGlobalSection
	GlobalSection(SolutionProperties) = preSolution
		HideSolutionNode = FALSE
	EndGlobalSection
	GlobalSection(ExtensibilityGlobals) = postSolution
		SolutionGuid = {4FA9A3DF-2BBD-4E59-876D-4BBBBB85555F}
	EndGlobalSection
EndGlobal
